
Microsoft Visual Studio Solution File, Format Version 12.00
# Visual Studio 15
VisualStudioVersion = 15.0.27130.2027
MinimumVisualStudioVersion = 10.0.40219.1
Project("{FAE04EC0-301F-11D3-BF4B-00C04F79EFBC}") = "Zipper", "Zipper\Zipper.csproj", "{F2980B7C-4088-4773-A3B4-43FF5ACAD733}"
EndProject
Project("{FAE04EC0-301F-11D3-BF4B-00C04F79EFBC}") = "ZipperUnitTests", "ZipperTests\ZipperUnitTests.csproj", "{02390C47-D548-4D55-B269-D72D9F4896A3}"
EndProject
Project("{FAE04EC0-301F-11D3-BF4B-00C04F79EFBC}") = "ZipperIntegrationTests", "ZipperIntegrationTests\ZipperIntegrationTests.csproj", "{A965BC24-6CC4-4D9F-9DF7-75FF58C6E8B3}"
EndProject
Global
	GlobalSection(SolutionConfigurationPlatforms) = preSolution
		Debug|Any CPU = Debug|Any CPU
		Release|Any CPU = Release|Any CPU
	EndGlobalSection
	GlobalSection(ProjectConfigurationPlatforms) = postSolution
		{F2980B7C-4088-4773-A3B4-43FF5ACAD733}.Debug|Any CPU.ActiveCfg = Debug|Any CPU
		{F2980B7C-4088-4773-A3B4-43FF5ACAD733}.Debug|Any CPU.Build.0 = Debug|Any CPU
		{F2980B7C-4088-4773-A3B4-43FF5ACAD733}.Release|Any CPU.ActiveCfg = Release|Any CPU
		{F2980B7C-4088-4773-A3B4-43FF5ACAD733}.Release|Any CPU.Build.0 = Release|Any CPU
		{02390C47-D548-4D55-B269-D72D9F4896A3}.Debug|Any CPU.ActiveCfg = Debug|Any CPU
		{02390C47-D548-4D55-B269-D72D9F4896A3}.Debug|Any CPU.Build.0 = Debug|Any CPU
		{02390C47-D548-4D55-B269-D72D9F4896A3}.Release|Any CPU.ActiveCfg = Release|Any CPU
		{02390C47-D548-4D55-B269-D72D9F4896A3}.Release|Any CPU.Build.0 = Release|Any CPU
		{A965BC24-6CC4-4D9F-9DF7-75FF58C6E8B3}.Debug|Any CPU.ActiveCfg = Debug|Any CPU
		{A965BC24-6CC4-4D9F-9DF7-75FF58C6E8B3}.Debug|Any CPU.Build.0 = Debug|Any CPU
		{A965BC24-6CC4-4D9F-9DF7-75FF58C6E8B3}.Release|Any CPU.ActiveCfg = Release|Any CPU
		{A965BC24-6CC4-4D9F-9DF7-75FF58C6E8B3}.Release|Any CPU.Build.0 = Release|Any CPU
	EndGlobalSection
	GlobalSection(SolutionProperties) = preSolution
		HideSolutionNode = FALSE
	EndGlobalSection
	GlobalSection(ExtensibilityGlobals) = postSolution
		SolutionGuid = {02D6110C-FE5A-42AF-AC03-143FFBD620AF}
	EndGlobalSection
EndGlobal
